github.com/astaxie/beego v1.12.3 h1:SAQkdD2ePye+v8Gn1r4X6IKZM1wd28EyUOVQ3PDSOOQ=
github.com/astaxie/beego v1.12.3/go.mod h1:p3qIm0Ryx7zeBHLljmd7omloyca1s4yu1a8kM1FkpIA=
github.com/bytedance/sonic v1.11.0 h1:FwNNv6Vu4z2Onf1++LNzxB/QhitD8wuTdpZzMTGITWo=
github.com/bytedance/sonic v1.11.0/go.mod h1:iZcSUejdk5aukTND/Eu/ivjQuEL0Cu9/rf50Hi0u/g4=
github.com/chenzhuoyu/base64x v0.0.0-20230717121745-296ad89f973d h1:77cEq6EriyTZ0g/qfRdp61a3Uu/AWrgIq2s0ClJV1g0=
github.com/chenzhuoyu/base64x v0.0.0-20230717121745-296ad89f973d/go.mod h1:8EPpVsBuRksnlj1mLy4AWzRNQYxauNi62uWcE3to6eA=
